
Microsoft Visual Studio Solution File, Format Version 12.00
# Visual Studio Version 17
VisualStudioVersion = 17.5.33516.290
MinimumVisualStudioVersion = 10.0.40219.1
Project("{9A19103F-16F7-4668-BE54-9A1E7A4F7556}") = "main", "main\main.csproj", "{3827F06C-C3B0-4E70-A104-7CF73C6268FC}"
EndProject
Project("{9A19103F-16F7-4668-BE54-9A1E7A4F7556}") = "DataAccess", "DataAccess\DataAccess.csproj", "{0D0EA9B3-3BD8-4BD1-9802-39DFFD0B9A92}"
EndProject
Project("{9A19103F-16F7-4668-BE54-9A1E7A4F7556}") = "SortMethods", "SortMethods\SortMethods.csproj", "{611B1C70-F811-4069-BC22-BF16AB5EE806}"
EndProject
Project("{2150E333-8FDC-42A3-9474-1A3956D46DE8}") = "Solution Items", "Solution Items", "{6DC5F4B5-A4D8-4CFC-AC5B-448884ED5D6B}"
	ProjectSection(SolutionItems) = preProject
		README.md = README.md
	EndProjectSection
EndProject
Global
	GlobalSection(SolutionConfigurationPlatforms) = preSolution
		Debug|Any CPU = Debug|Any CPU
		Release|Any CPU = Release|Any CPU
	EndGlobalSection
	GlobalSection(ProjectConfigurationPlatforms) = postSolution
		{3827F06C-C3B0-4E70-A104-7CF73C6268FC}.Debug|Any CPU.ActiveCfg = Debug|Any CPU
		{3827F06C-C3B0-4E70-A104-7CF73C6268FC}.Debug|Any CPU.Build.0 = Debug|Any CPU
		{3827F06C-C3B0-4E70-A104-7CF73C6268FC}.Release|Any CPU.ActiveCfg = Release|Any CPU
		{3827F06C-C3B0-4E70-A104-7CF73C6268FC}.Release|Any CPU.Build.0 = Release|Any CPU
		{0D0EA9B3-3BD8-4BD1-9802-39DFFD0B9A92}.Debug|Any CPU.ActiveCfg = Debug|Any CPU
		{0D0EA9B3-3BD8-4BD1-9802-39DFFD0B9A92}.Debug|Any CPU.Build.0 = Debug|Any CPU
		{0D0EA9B3-3BD8-4BD1-9802-39DFFD0B9A92}.Release|Any CPU.ActiveCfg = Release|Any CPU
		{0D0EA9B3-3BD8-4BD1-9802-39DFFD0B9A92}.Release|Any CPU.Build.0 = Release|Any CPU
		{611B1C70-F811-4069-BC22-BF16AB5EE806}.Debug|Any CPU.ActiveCfg = Debug|Any CPU
		{611B1C70-F811-4069-BC22-BF16AB5EE806}.Debug|Any CPU.Build.0 = Debug|Any CPU
		{611B1C70-F811-4069-BC22-BF16AB5EE806}.Release|Any CPU.ActiveCfg = Release|Any CPU
		{611B1C70-F811-4069-BC22-BF16AB5EE806}.Release|Any CPU.Build.0 = Release|Any CPU
	EndGlobalSection
	GlobalSection(SolutionProperties) = preSolution
		HideSolutionNode = FALSE
	EndGlobalSection
	GlobalSection(ExtensibilityGlobals) = postSolution
		SolutionGuid = {223B5B57-2574-4834-9BAF-E199081F3D89}
	EndGlobalSection
EndGlobal
